
Microsoft Visual Studio Solution File, Format Version 12.00
# Visual Studio Version 17
VisualStudioVersion = 17.7.34018.315
MinimumVisualStudioVersion = 10.0.40219.1
Project("{FAE04EC0-301F-11D3-BF4B-00C04F79EFBC}") = "exam11mid", "exam11mid\exam11mid.csproj", "{2F58BEED-911E-49E0-9687-E90E5C87C40E}"
EndProject
Global
	GlobalSection(SolutionConfigurationPlatforms) = preSolution
		Debug|Any CPU = Debug|Any CPU
		Release|Any CPU = Release|Any CPU
	EndGlobalSection
	GlobalSection(ProjectConfigurationPlatforms) = postSolution
		{2F58BEED-911E-49E0-9687-E90E5C87C40E}.Debug|Any CPU.ActiveCfg = Debug|Any CPU
		{2F58BEED-911E-49E0-9687-E90E5C87C40E}.Debug|Any CPU.Build.0 = Debug|Any CPU
		{2F58BEED-911E-49E0-9687-E90E5C87C40E}.Release|Any CPU.ActiveCfg = Release|Any CPU
		{2F58BEED-911E-49E0-9687-E90E5C87C40E}.Release|Any CPU.Build.0 = Release|Any CPU
	EndGlobalSection
	GlobalSection(SolutionProperties) = preSolution
		HideSolutionNode = FALSE
	EndGlobalSection
	GlobalSection(ExtensibilityGlobals) = postSolution
		SolutionGuid = {F464A6F7-72A0-469E-82BF-DB431E9164C8}
	EndGlobalSection
EndGlobal
